// !$*UTF8*$!
{
	archiveVersion = 1;
	classes = {
	};
	objectVersion = 51;
	objects = {

/* Begin PBXBuildFile section */
		83023E8025971EB9000F910F /* Category.storyboard in Resources */ = {isa = PBXBuildFile; fileRef = 83023E7F25971EB9000F910F /* Category.storyboard */; };
		83023E8325971ED7000F910F /* CategoryViewController.swift in Sources */ = {isa = PBXBuildFile; fileRef = 83023E8225971ED7000F910F /* CategoryViewController.swift */; };
		83023E8725971EF2000F910F /* Add.storyboard in Resources */ = {isa = PBXBuildFile; fileRef = 83023E8625971EF2000F910F /* Add.storyboard */; };
		83023E8A25971F06000F910F /* AddListingViewController.swift in Sources */ = {isa = PBXBuildFile; fileRef = 83023E8925971F06000F910F /* AddListingViewController.swift */; };
		83023E8E25971F30000F910F /* Services.storyboard in Resources */ = {isa = PBXBuildFile; fileRef = 83023E8D25971F30000F910F /* Services.storyboard */; };
		83023E9125971F39000F910F /* ServicesViewController.swift in Sources */ = {isa = PBXBuildFile; fileRef = 83023E9025971F39000F910F /* ServicesViewController.swift */; };
		83023E9525971F56000F910F /* AuctionsViewController.swift in Sources */ = {isa = PBXBuildFile; fileRef = 83023E9425971F56000F910F /* AuctionsViewController.swift */; };
		83023E9925971F61000F910F /* Auctions.storyboard in Resources */ = {isa = PBXBuildFile; fileRef = 83023E9825971F61000F910F /* Auctions.storyboard */; };
		83023EA6259731B5000F910F /* CategoryTableViewCell.swift in Sources */ = {isa = PBXBuildFile; fileRef = 83023EA4259731B5000F910F /* CategoryTableViewCell.swift */; };
		83023EA7259731B5000F910F /* CategoryTableViewCell.xib in Resources */ = {isa = PBXBuildFile; fileRef = 83023EA5259731B5000F910F /* CategoryTableViewCell.xib */; };
		83023EAD2597324F000F910F /* SubCategoryCell.swift in Sources */ = {isa = PBXBuildFile; fileRef = 83023EAB2597324F000F910F /* SubCategoryCell.swift */; };
		83023EAE2597324F000F910F /* SubCategoryCell.xib in Resources */ = {isa = PBXBuildFile; fileRef = 83023EAC2597324F000F910F /* SubCategoryCell.xib */; };
		83023EB525973418000F910F /* CategoryCollectionViewCell.swift in Sources */ = {isa = PBXBuildFile; fileRef = 83023EB325973418000F910F /* CategoryCollectionViewCell.swift */; };
		83023EB625973418000F910F /* CategoryCollectionViewCell.xib in Resources */ = {isa = PBXBuildFile; fileRef = 83023EB425973418000F910F /* CategoryCollectionViewCell.xib */; };
		834A9A39258F8FF600DEC86F /* MenuTableViewCell.swift in Sources */ = {isa = PBXBuildFile; fileRef = 834A9A37258F8FF600DEC86F /* MenuTableViewCell.swift */; };
		834A9A3A258F8FF600DEC86F /* MenuTableViewCell.xib in Resources */ = {isa = PBXBuildFile; fileRef = 834A9A38258F8FF600DEC86F /* MenuTableViewCell.xib */; };
		8351C5A8257FB90A0034FA65 /* Login.storyboard in Resources */ = {isa = PBXBuildFile; fileRef = 8351C5A7257FB90A0034FA65 /* Login.storyboard */; };
		83812E3B257FBEE500D217AE /* LoginViewController.swift in Sources */ = {isa = PBXBuildFile; fileRef = 83812E3A257FBEE500D217AE /* LoginViewController.swift */; };
		838EA8E62590B5DE00E97933 /* String.swift in Sources */ = {isa = PBXBuildFile; fileRef = 838EA8E52590B5DE00E97933 /* String.swift */; };
		838EA8E82590B60800E97933 /* Localizable.strings in Resources */ = {isa = PBXBuildFile; fileRef = 838EA8EA2590B60800E97933 /* Localizable.strings */; };
		8396FB982587453E00FD3C16 /* LeftPadedTextField.swift in Sources */ = {isa = PBXBuildFile; fileRef = 8396FB972587453E00FD3C16 /* LeftPadedTextField.swift */; };
		8396FB9B258749C400FD3C16 /* UITextField.swift in Sources */ = {isa = PBXBuildFile; fileRef = 8396FB9A258749C400FD3C16 /* UITextField.swift */; };
		8396FBB2258786C400FD3C16 /* RegisterCheckEmailViewController.swift in Sources */ = {isa = PBXBuildFile; fileRef = 8396FBB1258786C400FD3C16 /* RegisterCheckEmailViewController.swift */; };
		8396FBB62587917300FD3C16 /* ProfileViewController.swift in Sources */ = {isa = PBXBuildFile; fileRef = 8396FBB52587917300FD3C16 /* ProfileViewController.swift */; };
		8396FBBA2587918B00FD3C16 /* Profile.storyboard in Resources */ = {isa = PBXBuildFile; fileRef = 8396FBB92587918B00FD3C16 /* Profile.storyboard */; };
		839A2F94258621DC009BBFA1 /* CustomDropDownMenu.swift in Sources */ = {isa = PBXBuildFile; fileRef = 839A2F93258621DC009BBFA1 /* CustomDropDownMenu.swift */; };
		839BCA3E25820643008F3DAE /* UIViewController.swift in Sources */ = {isa = PBXBuildFile; fileRef = 839BCA3D25820643008F3DAE /* UIViewController.swift */; };
		839BEB31257F86F500B24C76 /* CustomButtom.swift in Sources */ = {isa = PBXBuildFile; fileRef = 839BEB30257F86F500B24C76 /* CustomButtom.swift */; };
		839BEB34257F8FC300B24C76 /* UIColor.swift in Sources */ = {isa = PBXBuildFile; fileRef = 839BEB33257F8FC300B24C76 /* UIColor.swift */; };
		83A9DC60258F61FA00B3DCAB /* TabBarViewController.swift in Sources */ = {isa = PBXBuildFile; fileRef = 83A9DC5F258F61FA00B3DCAB /* TabBarViewController.swift */; };
		83A9DC64258F623100B3DCAB /* TabBar.storyboard in Resources */ = {isa = PBXBuildFile; fileRef = 83A9DC63258F623100B3DCAB /* TabBar.storyboard */; };
		83A9DC68258F6E5500B3DCAB /* HomeViewController.swift in Sources */ = {isa = PBXBuildFile; fileRef = 83A9DC67258F6E5500B3DCAB /* HomeViewController.swift */; };
		83A9DC6C258F6E6400B3DCAB /* Home.storyboard in Resources */ = {isa = PBXBuildFile; fileRef = 83A9DC6B258F6E6400B3DCAB /* Home.storyboard */; };
		83AF23CE25978AE500B64D49 /* AddListingTableViewCell.swift in Sources */ = {isa = PBXBuildFile; fileRef = 83AF23CC25978AE500B64D49 /* AddListingTableViewCell.swift */; };
		83AF23CF25978AE500B64D49 /* AddListingTableViewCell.xib in Resources */ = {isa = PBXBuildFile; fileRef = 83AF23CD25978AE500B64D49 /* AddListingTableViewCell.xib */; };
		83B476C625849FA3009DD837 /* Register.storyboard in Resources */ = {isa = PBXBuildFile; fileRef = 83B476C525849FA3009DD837 /* Register.storyboard */; };
		83B476C92584A40A009DD837 /* CustomLabel.swift in Sources */ = {isa = PBXBuildFile; fileRef = 83B476C82584A40A009DD837 /* CustomLabel.swift */; };
		83B477002584A953009DD837 /* BaseViewController.swift in Sources */ = {isa = PBXBuildFile; fileRef = 83B476FF2584A953009DD837 /* BaseViewController.swift */; };
		83B477042584AE70009DD837 /* RegisterEmailPassViewController.swift in Sources */ = {isa = PBXBuildFile; fileRef = 83B477032584AE70009DD837 /* RegisterEmailPassViewController.swift */; };
		83B477072584BB5A009DD837 /* CustomTextField.swift in Sources */ = {isa = PBXBuildFile; fileRef = 83B477062584BB5A009DD837 /* CustomTextField.swift */; };
		83B4770A2584DB27009DD837 /* RegisterAboutYourselfViewController.swift in Sources */ = {isa = PBXBuildFile; fileRef = 83B477092584DB27009DD837 /* RegisterAboutYourselfViewController.swift */; };
		83B4770D2584FF6D009DD837 /* RegisterMailingInfoViewController.swift in Sources */ = {isa = PBXBuildFile; fileRef = 83B4770C2584FF6D009DD837 /* RegisterMailingInfoViewController.swift */; };
		83B779AB2587ACC300018EBA /* MyAccountCell.swift in Sources */ = {isa = PBXBuildFile; fileRef = 83B779A92587ACC300018EBA /* MyAccountCell.swift */; };
		83B779AC2587ACC300018EBA /* MyAccountCell.xib in Resources */ = {isa = PBXBuildFile; fileRef = 83B779AA2587ACC300018EBA /* MyAccountCell.xib */; };
		83B779B12587ACE100018EBA /* SignInInfoCell.swift in Sources */ = {isa = PBXBuildFile; fileRef = 83B779AF2587ACE100018EBA /* SignInInfoCell.swift */; };
		83B779B22587ACE100018EBA /* SignInInfoCell.xib in Resources */ = {isa = PBXBuildFile; fileRef = 83B779B02587ACE100018EBA /* SignInInfoCell.xib */; };
		83B779B62587ACFA00018EBA /* ManageAccount.swift in Sources */ = {isa = PBXBuildFile; fileRef = 83B779B42587ACFA00018EBA /* ManageAccount.swift */; };
		83B779B72587ACFA00018EBA /* ManageAccount.xib in Resources */ = {isa = PBXBuildFile; fileRef = 83B779B52587ACFA00018EBA /* ManageAccount.xib */; };
		83C2F597257F6774008FC305 /* Utility.swift in Sources */ = {isa = PBXBuildFile; fileRef = 83C2F596257F6774008FC305 /* Utility.swift */; };
		83E895E2257E4A6100D66424 /* AppDelegate.swift in Sources */ = {isa = PBXBuildFile; fileRef = 83E895E1257E4A6100D66424 /* AppDelegate.swift */; };
		83E895E4257E4A6100D66424 /* SceneDelegate.swift in Sources */ = {isa = PBXBuildFile; fileRef = 83E895E3257E4A6100D66424 /* SceneDelegate.swift */; };
		83E895E6257E4A6100D66424 /* ViewController.swift in Sources */ = {isa = PBXBuildFile; fileRef = 83E895E5257E4A6100D66424 /* ViewController.swift */; };
		83E895E9257E4A6200D66424 /* Main.storyboard in Resources */ = {isa = PBXBuildFile; fileRef = 83E895E7257E4A6200D66424 /* Main.storyboard */; };
		83E895EB257E4A6200D66424 /* Assets.xcassets in Resources */ = {isa = PBXBuildFile; fileRef = 83E895EA257E4A6200D66424 /* Assets.xcassets */; };
		83E895EE257E4A6200D66424 /* LaunchScreen.storyboard in Resources */ = {isa = PBXBuildFile; fileRef = 83E895EC257E4A6200D66424 /* LaunchScreen.storyboard */; };
		83E895FA257E543300D66424 /* Start.storyboard in Resources */ = {isa = PBXBuildFile; fileRef = 83E895F9257E543300D66424 /* Start.storyboard */; };
		83E89605257E61A800D66424 /* Republiko_PersonalUse.otf in Resources */ = {isa = PBXBuildFile; fileRef = 83E89604257E61A800D66424 /* Republiko_PersonalUse.otf */; };
		83E89617257E61E700D66424 /* Nunito-BoldItalic.ttf in Resources */ = {isa = PBXBuildFile; fileRef = 83E89609257E61E700D66424 /* Nunito-BoldItalic.ttf */; };
		83E89618257E61E700D66424 /* Nunito-SemiBold.ttf in Resources */ = {isa = PBXBuildFile; fileRef = 83E8960A257E61E700D66424 /* Nunito-SemiBold.ttf */; };
		83E89619257E61E700D66424 /* Nunito-SemiBoldItalic.ttf in Resources */ = {isa = PBXBuildFile; fileRef = 83E8960B257E61E700D66424 /* Nunito-SemiBoldItalic.ttf */; };
		83E8961A257E61E700D66424 /* Nunito-Regular.ttf in Resources */ = {isa = PBXBuildFile; fileRef = 83E8960C257E61E700D66424 /* Nunito-Regular.ttf */; };
		83E8961B257E61E700D66424 /* Nunito-Bold.ttf in Resources */ = {isa = PBXBuildFile; fileRef = 83E8960D257E61E700D66424 /* Nunito-Bold.ttf */; };
		83E8961C257E61E700D66424 /* Nunito-ExtraBold.ttf in Resources */ = {isa = PBXBuildFile; fileRef = 83E8960E257E61E700D66424 /* Nunito-ExtraBold.ttf */; };
		83E8961D257E61E700D66424 /* Nunito-Black.ttf in Resources */ = {isa = PBXBuildFile; fileRef = 83E8960F257E61E700D66424 /* Nunito-Black.ttf */; };
		83E8961E257E61E700D66424 /* Nunito-LightItalic.ttf in Resources */ = {isa = PBXBuildFile; fileRef = 83E89610257E61E700D66424 /* Nunito-LightItalic.ttf */; };
		83E8961F257E61E700D66424 /* Nunito-ExtraBoldItalic.ttf in Resources */ = {isa = PBXBuildFile; fileRef = 83E89611257E61E700D66424 /* Nunito-ExtraBoldItalic.ttf */; };
		83E89620257E61E700D66424 /* Nunito-ExtraLight.ttf in Resources */ = {isa = PBXBuildFile; fileRef = 83E89612257E61E700D66424 /* Nunito-ExtraLight.ttf */; };
		83E89621257E61E700D66424 /* Nunito-ExtraLightItalic.ttf in Resources */ = {isa = PBXBuildFile; fileRef = 83E89613257E61E700D66424 /* Nunito-ExtraLightItalic.ttf */; };
		83E89622257E61E700D66424 /* Nunito-Light.ttf in Resources */ = {isa = PBXBuildFile; fileRef = 83E89614257E61E700D66424 /* Nunito-Light.ttf */; };
		83E89623257E61E700D66424 /* Nunito-BlackItalic.ttf in Resources */ = {isa = PBXBuildFile; fileRef = 83E89615257E61E700D66424 /* Nunito-BlackItalic.ttf */; };
		83E89624257E61E700D66424 /* Nunito-Italic.ttf in Resources */ = {isa = PBXBuildFile; fileRef = 83E89616257E61E700D66424 /* Nunito-Italic.ttf */; };
		83E89627257E671C00D66424 /* StartViewController.swift in Sources */ = {isa = PBXBuildFile; fileRef = 83E89626257E671C00D66424 /* StartViewController.swift */; };
		83E8962D257E6D9200D66424 /* UIView.swift in Sources */ = {isa = PBXBuildFile; fileRef = 83E8962C257E6D9200D66424 /* UIView.swift */; };
		83E89D8A258F2E8B00BB1C26 /* CustomScrollView.swift in Sources */ = {isa = PBXBuildFile; fileRef = 83E89D89258F2E8B00BB1C26 /* CustomScrollView.swift */; };
		83E89D90258F43EB00BB1C26 /* Menu.storyboard in Resources */ = {isa = PBXBuildFile; fileRef = 83E89D8F258F43EB00BB1C26 /* Menu.storyboard */; };
		83E89D9A258F4CB800BB1C26 /* MenuViewController.swift in Sources */ = {isa = PBXBuildFile; fileRef = 83E89D99258F4CB800BB1C26 /* MenuViewController.swift */; };
		898E40ACE0B21B4E7D04DB1B /* Pods_ClearAsset.framework in Frameworks */ = {isa = PBXBuildFile; fileRef = B3CF623ABB8D123EF8ED4BD4 /* Pods_ClearAsset.framework */; };
		E40EAE8825921BEB00E9AD35 /* BottomTableViewCell.swift in Sources */ = {isa = PBXBuildFile; fileRef = E40EAE8625921BEB00E9AD35 /* BottomTableViewCell.swift */; };
		E40EAE8925921BEB00E9AD35 /* BottomTableViewCell.xib in Resources */ = {isa = PBXBuildFile; fileRef = E40EAE8725921BEB00E9AD35 /* BottomTableViewCell.xib */; };
		E40EAE8D25921BFF00E9AD35 /* BottomCollectionViewCell.swift in Sources */ = {isa = PBXBuildFile; fileRef = E40EAE8B25921BFF00E9AD35 /* BottomCollectionViewCell.swift */; };
		E40EAE8E25921BFF00E9AD35 /* BottomCollectionViewCell.xib in Resources */ = {isa = PBXBuildFile; fileRef = E40EAE8C25921BFF00E9AD35 /* BottomCollectionViewCell.xib */; };
		E4E700602591E6CE00B8C0E4 /* TopViewCell.swift in Sources */ = {isa = PBXBuildFile; fileRef = E4E7005E2591E6CE00B8C0E4 /* TopViewCell.swift */; };
		E4E700612591E6CE00B8C0E4 /* TopViewCell.xib in Resources */ = {isa = PBXBuildFile; fileRef = E4E7005F2591E6CE00B8C0E4 /* TopViewCell.xib */; };
		E4E70069259205B500B8C0E4 /* MiddleCollectionViewCell.swift in Sources */ = {isa = PBXBuildFile; fileRef = E4E70067259205B400B8C0E4 /* MiddleCollectionViewCell.swift */; };
		E4E7006A259205B500B8C0E4 /* MiddleCollectionViewCell.xib in Resources */ = {isa = PBXBuildFile; fileRef = E4E70068259205B400B8C0E4 /* MiddleCollectionViewCell.xib */; };
		E4E7006E25920EA600B8C0E4 /* MiddleTableViewCell.swift in Sources */ = {isa = PBXBuildFile; fileRef = E4E7006C25920EA600B8C0E4 /* MiddleTableViewCell.swift */; };
		E4E7006F25920EA600B8C0E4 /* MiddleTableViewCell.xib in Resources */ = {isa = PBXBuildFile; fileRef = E4E7006D25920EA600B8C0E4 /* MiddleTableViewCell.xib */; };
/* End PBXBuildFile section */

/* Begin PBXFileReference section */
		2ED65B334B3AE0D1784B588E /* Pods-ClearAsset.release.xcconfig */ = {isa = PBXFileReference; includeInIndex = 1; lastKnownFileType = text.xcconfig; name = "Pods-ClearAsset.release.xcconfig"; path = "Target Support Files/Pods-ClearAsset/Pods-ClearAsset.release.xcconfig"; sourceTree = "<group>"; };
		83023E7F25971EB9000F910F /* Category.storyboard */ = {isa = PBXFileReference; lastKnownFileType = file.storyboard; path = Category.storyboard; sourceTree = "<group>"; };
		83023E8225971ED7000F910F /* CategoryViewController.swift */ = {isa = PBXFileReference; lastKnownFileType = sourcecode.swift; path = CategoryViewController.swift; sourceTree = "<group>"; };
		83023E8625971EF2000F910F /* Add.storyboard */ = {isa = PBXFileReference; lastKnownFileType = file.storyboard; path = Add.storyboard; sourceTree = "<group>"; };
		83023E8925971F06000F910F /* AddListingViewController.swift */ = {isa = PBXFileReference; lastKnownFileType = sourcecode.swift; path = AddListingViewController.swift; sourceTree = "<group>"; };
		83023E8D25971F30000F910F /* Services.storyboard */ = {isa = PBXFileReference; lastKnownFileType = file.storyboard; path = Services.storyboard; sourceTree = "<group>"; };
		83023E9025971F39000F910F /* ServicesViewController.swift */ = {isa = PBXFileReference; lastKnownFileType = sourcecode.swift; path = ServicesViewController.swift; sourceTree = "<group>"; };
		83023E9425971F56000F910F /* AuctionsViewController.swift */ = {isa = PBXFileReference; lastKnownFileType = sourcecode.swift; path = AuctionsViewController.swift; sourceTree = "<group>"; };
		83023E9825971F61000F910F /* Auctions.storyboard */ = {isa = PBXFileReference; lastKnownFileType = file.storyboard; path = Auctions.storyboard; sourceTree = "<group>"; };
		83023EA4259731B5000F910F /* CategoryTableViewCell.swift */ = {isa = PBXFileReference; lastKnownFileType = sourcecode.swift; path = CategoryTableViewCell.swift; sourceTree = "<group>"; };
		83023EA5259731B5000F910F /* CategoryTableViewCell.xib */ = {isa = PBXFileReference; lastKnownFileType = file.xib; path = CategoryTableViewCell.xib; sourceTree = "<group>"; };
		83023EAB2597324F000F910F /* SubCategoryCell.swift */ = {isa = PBXFileReference; lastKnownFileType = sourcecode.swift; path = SubCategoryCell.swift; sourceTree = "<group>"; };
		83023EAC2597324F000F910F /* SubCategoryCell.xib */ = {isa = PBXFileReference; lastKnownFileType = file.xib; path = SubCategoryCell.xib; sourceTree = "<group>"; };
		83023EB325973418000F910F /* CategoryCollectionViewCell.swift */ = {isa = PBXFileReference; lastKnownFileType = sourcecode.swift; path = CategoryCollectionViewCell.swift; sourceTree = "<group>"; };
		83023EB425973418000F910F /* CategoryCollectionViewCell.xib */ = {isa = PBXFileReference; lastKnownFileType = file.xib; path = CategoryCollectionViewCell.xib; sourceTree = "<group>"; };
		834A9A37258F8FF600DEC86F /* MenuTableViewCell.swift */ = {isa = PBXFileReference; lastKnownFileType = sourcecode.swift; path = MenuTableViewCell.swift; sourceTree = "<group>"; };
		834A9A38258F8FF600DEC86F /* MenuTableViewCell.xib */ = {isa = PBXFileReference; lastKnownFileType = file.xib; path = MenuTableViewCell.xib; sourceTree = "<group>"; };
		8351C5A7257FB90A0034FA65 /* Login.storyboard */ = {isa = PBXFileReference; lastKnownFileType = file.storyboard; path = Login.storyboard; sourceTree = "<group>"; };
		83812E3A257FBEE500D217AE /* LoginViewController.swift */ = {isa = PBXFileReference; lastKnownFileType = sourcecode.swift; path = LoginViewController.swift; sourceTree = "<group>"; };
		838EA8E52590B5DE00E97933 /* String.swift */ = {isa = PBXFileReference; lastKnownFileType = sourcecode.swift; path = String.swift; sourceTree = "<group>"; };
		838EA8E92590B60800E97933 /* en */ = {isa = PBXFileReference; lastKnownFileType = text.plist.strings; name = en; path = en.lproj/Localizable.strings; sourceTree = "<group>"; };
		8396FB972587453E00FD3C16 /* LeftPadedTextField.swift */ = {isa = PBXFileReference; lastKnownFileType = sourcecode.swift; path = LeftPadedTextField.swift; sourceTree = "<group>"; };
		8396FB9A258749C400FD3C16 /* UITextField.swift */ = {isa = PBXFileReference; lastKnownFileType = sourcecode.swift; path = UITextField.swift; sourceTree = "<group>"; };
		8396FBB1258786C400FD3C16 /* RegisterCheckEmailViewController.swift */ = {isa = PBXFileReference; lastKnownFileType = sourcecode.swift; path = RegisterCheckEmailViewController.swift; sourceTree = "<group>"; };
		8396FBB52587917300FD3C16 /* ProfileViewController.swift */ = {isa = PBXFileReference; lastKnownFileType = sourcecode.swift; path = ProfileViewController.swift; sourceTree = "<group>"; };
		8396FBB92587918B00FD3C16 /* Profile.storyboard */ = {isa = PBXFileReference; lastKnownFileType = file.storyboard; path = Profile.storyboard; sourceTree = "<group>"; };
		839A2F93258621DC009BBFA1 /* CustomDropDownMenu.swift */ = {isa = PBXFileReference; lastKnownFileType = sourcecode.swift; path = CustomDropDownMenu.swift; sourceTree = "<group>"; };
		839BCA3D25820643008F3DAE /* UIViewController.swift */ = {isa = PBXFileReference; lastKnownFileType = sourcecode.swift; path = UIViewController.swift; sourceTree = "<group>"; };
		839BEB30257F86F500B24C76 /* CustomButtom.swift */ = {isa = PBXFileReference; lastKnownFileType = sourcecode.swift; path = CustomButtom.swift; sourceTree = "<group>"; };
		839BEB33257F8FC300B24C76 /* UIColor.swift */ = {isa = PBXFileReference; lastKnownFileType = sourcecode.swift; path = UIColor.swift; sourceTree = "<group>"; };
		83A9DC5F258F61FA00B3DCAB /* TabBarViewController.swift */ = {isa = PBXFileReference; lastKnownFileType = sourcecode.swift; path = TabBarViewController.swift; sourceTree = "<group>"; };
		83A9DC63258F623100B3DCAB /* TabBar.storyboard */ = {isa = PBXFileReference; lastKnownFileType = file.storyboard; path = TabBar.storyboard; sourceTree = "<group>"; };
		83A9DC67258F6E5500B3DCAB /* HomeViewController.swift */ = {isa = PBXFileReference; lastKnownFileType = sourcecode.swift; path = HomeViewController.swift; sourceTree = "<group>"; };
		83A9DC6B258F6E6400B3DCAB /* Home.storyboard */ = {isa = PBXFileReference; lastKnownFileType = file.storyboard; path = Home.storyboard; sourceTree = "<group>"; };
		83AF23CC25978AE500B64D49 /* AddListingTableViewCell.swift */ = {isa = PBXFileReference; lastKnownFileType = sourcecode.swift; path = AddListingTableViewCell.swift; sourceTree = "<group>"; };
		83AF23CD25978AE500B64D49 /* AddListingTableViewCell.xib */ = {isa = PBXFileReference; lastKnownFileType = file.xib; path = AddListingTableViewCell.xib; sourceTree = "<group>"; };
		83B476C525849FA3009DD837 /* Register.storyboard */ = {isa = PBXFileReference; lastKnownFileType = file.storyboard; path = Register.storyboard; sourceTree = "<group>"; };
		83B476C82584A40A009DD837 /* CustomLabel.swift */ = {isa = PBXFileReference; lastKnownFileType = sourcecode.swift; path = CustomLabel.swift; sourceTree = "<group>"; };
		83B476FF2584A953009DD837 /* BaseViewController.swift */ = {isa = PBXFileReference; lastKnownFileType = sourcecode.swift; path = BaseViewController.swift; sourceTree = "<group>"; };
		83B477032584AE70009DD837 /* RegisterEmailPassViewController.swift */ = {isa = PBXFileReference; lastKnownFileType = sourcecode.swift; path = RegisterEmailPassViewController.swift; sourceTree = "<group>"; };
		83B477062584BB5A009DD837 /* CustomTextField.swift */ = {isa = PBXFileReference; lastKnownFileType = sourcecode.swift; path = CustomTextField.swift; sourceTree = "<group>"; };
		83B477092584DB27009DD837 /* RegisterAboutYourselfViewController.swift */ = {isa = PBXFileReference; lastKnownFileType = sourcecode.swift; path = RegisterAboutYourselfViewController.swift; sourceTree = "<group>"; };
		83B4770C2584FF6D009DD837 /* RegisterMailingInfoViewController.swift */ = {isa = PBXFileReference; lastKnownFileType = sourcecode.swift; path = RegisterMailingInfoViewController.swift; sourceTree = "<group>"; };
		83B779A92587ACC300018EBA /* MyAccountCell.swift */ = {isa = PBXFileReference; lastKnownFileType = sourcecode.swift; path = MyAccountCell.swift; sourceTree = "<group>"; };
		83B779AA2587ACC300018EBA /* MyAccountCell.xib */ = {isa = PBXFileReference; lastKnownFileType = file.xib; path = MyAccountCell.xib; sourceTree = "<group>"; };
		83B779AF2587ACE100018EBA /* SignInInfoCell.swift */ = {isa = PBXFileReference; lastKnownFileType = sourcecode.swift; path = SignInInfoCell.swift; sourceTree = "<group>"; };
		83B779B02587ACE100018EBA /* SignInInfoCell.xib */ = {isa = PBXFileReference; lastKnownFileType = file.xib; path = SignInInfoCell.xib; sourceTree = "<group>"; };
		83B779B42587ACFA00018EBA /* ManageAccount.swift */ = {isa = PBXFileReference; lastKnownFileType = sourcecode.swift; path = ManageAccount.swift; sourceTree = "<group>"; };
		83B779B52587ACFA00018EBA /* ManageAccount.xib */ = {isa = PBXFileReference; lastKnownFileType = file.xib; path = ManageAccount.xib; sourceTree = "<group>"; };
		83C2F596257F6774008FC305 /* Utility.swift */ = {isa = PBXFileReference; lastKnownFileType = sourcecode.swift; path = Utility.swift; sourceTree = "<group>"; };
		83E895DE257E4A6100D66424 /* ClearAsset.app */ = {isa = PBXFileReference; explicitFileType = wrapper.application; includeInIndex = 0; path = ClearAsset.app; sourceTree = BUILT_PRODUCTS_DIR; };
		83E895E1257E4A6100D66424 /* AppDelegate.swift */ = {isa = PBXFileReference; lastKnownFileType = sourcecode.swift; path = AppDelegate.swift; sourceTree = "<group>"; };
		83E895E3257E4A6100D66424 /* SceneDelegate.swift */ = {isa = PBXFileReference; lastKnownFileType = sourcecode.swift; path = SceneDelegate.swift; sourceTree = "<group>"; };
		83E895E5257E4A6100D66424 /* ViewController.swift */ = {isa = PBXFileReference; lastKnownFileType = sourcecode.swift; path = ViewController.swift; sourceTree = "<group>"; };
		83E895E8257E4A6200D66424 /* Base */ = {isa = PBXFileReference; lastKnownFileType = file.storyboard; name = Base; path = Base.lproj/Main.storyboard; sourceTree = "<group>"; };
		83E895EA257E4A6200D66424 /* Assets.xcassets */ = {isa = PBXFileReference; lastKnownFileType = folder.assetcatalog; path = Assets.xcassets; sourceTree = "<group>"; };
		83E895ED257E4A6200D66424 /* Base */ = {isa = PBXFileReference; lastKnownFileType = file.storyboard; name = Base; path = Base.lproj/LaunchScreen.storyboard; sourceTree = "<group>"; };
		83E895EF257E4A6200D66424 /* Info.plist */ = {isa = PBXFileReference; lastKnownFileType = text.plist.xml; path = Info.plist; sourceTree = "<group>"; };
		83E895F9257E543300D66424 /* Start.storyboard */ = {isa = PBXFileReference; lastKnownFileType = file.storyboard; path = Start.storyboard; sourceTree = "<group>"; };
		83E89604257E61A800D66424 /* Republiko_PersonalUse.otf */ = {isa = PBXFileReference; lastKnownFileType = file; path = Republiko_PersonalUse.otf; sourceTree = "<group>"; };
		83E89609257E61E700D66424 /* Nunito-BoldItalic.ttf */ = {isa = PBXFileReference; lastKnownFileType = file; path = "Nunito-BoldItalic.ttf"; sourceTree = "<group>"; };
		83E8960A257E61E700D66424 /* Nunito-SemiBold.ttf */ = {isa = PBXFileReference; lastKnownFileType = file; path = "Nunito-SemiBold.ttf"; sourceTree = "<group>"; };
		83E8960B257E61E700D66424 /* Nunito-SemiBoldItalic.ttf */ = {isa = PBXFileReference; lastKnownFileType = file; path = "Nunito-SemiBoldItalic.ttf"; sourceTree = "<group>"; };
		83E8960C257E61E700D66424 /* Nunito-Regular.ttf */ = {isa = PBXFileReference; lastKnownFileType = file; path = "Nunito-Regular.ttf"; sourceTree = "<group>"; };
		83E8960D257E61E700D66424 /* Nunito-Bold.ttf */ = {isa = PBXFileReference; lastKnownFileType = file; path = "Nunito-Bold.ttf"; sourceTree = "<group>"; };
		83E8960E257E61E700D66424 /* Nunito-ExtraBold.ttf */ = {isa = PBXFileReference; lastKnownFileType = file; path = "Nunito-ExtraBold.ttf"; sourceTree = "<group>"; };
		83E8960F257E61E700D66424 /* Nunito-Black.ttf */ = {isa = PBXFileReference; lastKnownFileType = file; path = "Nunito-Black.ttf"; sourceTree = "<group>"; };
		83E89610257E61E700D66424 /* Nunito-LightItalic.ttf */ = {isa = PBXFileReference; lastKnownFileType = file; path = "Nunito-LightItalic.ttf"; sourceTree = "<group>"; };
		83E89611257E61E700D66424 /* Nunito-ExtraBoldItalic.ttf */ = {isa = PBXFileReference; lastKnownFileType = file; path = "Nunito-ExtraBoldItalic.ttf"; sourceTree = "<group>"; };
		83E89612257E61E700D66424 /* Nunito-ExtraLight.ttf */ = {isa = PBXFileReference; lastKnownFileType = file; path = "Nunito-ExtraLight.ttf"; sourceTree = "<group>"; };
		83E89613257E61E700D66424 /* Nunito-ExtraLightItalic.ttf */ = {isa = PBXFileReference; lastKnownFileType = file; path = "Nunito-ExtraLightItalic.ttf"; sourceTree = "<group>"; };
		83E89614257E61E700D66424 /* Nunito-Light.ttf */ = {isa = PBXFileReference; lastKnownFileType = file; path = "Nunito-Light.ttf"; sourceTree = "<group>"; };
		83E89615257E61E700D66424 /* Nunito-BlackItalic.ttf */ = {isa = PBXFileReference; lastKnownFileType = file; path = "Nunito-BlackItalic.ttf"; sourceTree = "<group>"; };
		83E89616257E61E700D66424 /* Nunito-Italic.ttf */ = {isa = PBXFileReference; lastKnownFileType = file; path = "Nunito-Italic.ttf"; sourceTree = "<group>"; };
		83E89626257E671C00D66424 /* StartViewController.swift */ = {isa = PBXFileReference; lastKnownFileType = sourcecode.swift; path = StartViewController.swift; sourceTree = "<group>"; };
		83E8962C257E6D9200D66424 /* UIView.swift */ = {isa = PBXFileReference; lastKnownFileType = sourcecode.swift; path = UIView.swift; sourceTree = "<group>"; };
		83E89D89258F2E8B00BB1C26 /* CustomScrollView.swift */ = {isa = PBXFileReference; lastKnownFileType = sourcecode.swift; path = CustomScrollView.swift; sourceTree = "<group>"; };
		83E89D8F258F43EB00BB1C26 /* Menu.storyboard */ = {isa = PBXFileReference; lastKnownFileType = file.storyboard; path = Menu.storyboard; sourceTree = "<group>"; };
		83E89D99258F4CB800BB1C26 /* MenuViewController.swift */ = {isa = PBXFileReference; lastKnownFileType = sourcecode.swift; path = MenuViewController.swift; sourceTree = "<group>"; };
		B3CF623ABB8D123EF8ED4BD4 /* Pods_ClearAsset.framework */ = {isa = PBXFileReference; explicitFileType = wrapper.framework; includeInIndex = 0; path = Pods_ClearAsset.framework; sourceTree = BUILT_PRODUCTS_DIR; };
		E40EAE8625921BEB00E9AD35 /* BottomTableViewCell.swift */ = {isa = PBXFileReference; lastKnownFileType = sourcecode.swift; path = BottomTableViewCell.swift; sourceTree = "<group>"; };
		E40EAE8725921BEB00E9AD35 /* BottomTableViewCell.xib */ = {isa = PBXFileReference; lastKnownFileType = file.xib; path = BottomTableViewCell.xib; sourceTree = "<group>"; };
		E40EAE8B25921BFF00E9AD35 /* BottomCollectionViewCell.swift */ = {isa = PBXFileReference; lastKnownFileType = sourcecode.swift; path = BottomCollectionViewCell.swift; sourceTree = "<group>"; };
		E40EAE8C25921BFF00E9AD35 /* BottomCollectionViewCell.xib */ = {isa = PBXFileReference; lastKnownFileType = file.xib; path = BottomCollectionViewCell.xib; sourceTree = "<group>"; };
		E4E7005E2591E6CE00B8C0E4 /* TopViewCell.swift */ = {isa = PBXFileReference; lastKnownFileType = sourcecode.swift; path = TopViewCell.swift; sourceTree = "<group>"; };
		E4E7005F2591E6CE00B8C0E4 /* TopViewCell.xib */ = {isa = PBXFileReference; lastKnownFileType = file.xib; path = TopViewCell.xib; sourceTree = "<group>"; };
		E4E70067259205B400B8C0E4 /* MiddleCollectionViewCell.swift */ = {isa = PBXFileReference; lastKnownFileType = sourcecode.swift; path = MiddleCollectionViewCell.swift; sourceTree = "<group>"; };
		E4E70068259205B400B8C0E4 /* MiddleCollectionViewCell.xib */ = {isa = PBXFileReference; lastKnownFileType = file.xib; path = MiddleCollectionViewCell.xib; sourceTree = "<group>"; };
		E4E7006C25920EA600B8C0E4 /* MiddleTableViewCell.swift */ = {isa = PBXFileReference; lastKnownFileType = sourcecode.swift; path = MiddleTableViewCell.swift; sourceTree = "<group>"; };
		E4E7006D25920EA600B8C0E4 /* MiddleTableViewCell.xib */ = {isa = PBXFileReference; lastKnownFileType = file.xib; path = MiddleTableViewCell.xib; sourceTree = "<group>"; };
		EBA0B017A6D009BF4F1B5B00 /* Pods-ClearAsset.debug.xcconfig */ = {isa = PBXFileReference; includeInIndex = 1; lastKnownFileType = text.xcconfig; name = "Pods-ClearAsset.debug.xcconfig"; path = "Target Support Files/Pods-ClearAsset/Pods-ClearAsset.debug.xcconfig"; sourceTree = "<group>"; };
/* End PBXFileReference section */

/* Begin PBXFrameworksBuildPhase section */
		83E895DB257E4A6100D66424 /* Frameworks */ = {
			isa = PBXFrameworksBuildPhase;
			buildActionMask = 2147483647;
			files = (
				898E40ACE0B21B4E7D04DB1B /* Pods_ClearAsset.framework in Frameworks */,
			);
			runOnlyForDeploymentPostprocessing = 0;
		};
/* End PBXFrameworksBuildPhase section */

/* Begin PBXGroup section */
		6A4F2A19D9E13639C957C09D /* Frameworks */ = {
			isa = PBXGroup;
			children = (
				B3CF623ABB8D123EF8ED4BD4 /* Pods_ClearAsset.framework */,
			);
			name = Frameworks;
			sourceTree = "<group>";
		};
		83023E7E25971E80000F910F /* Category */ = {
			isa = PBXGroup;
			children = (
				83023EA225972E26000F910F /* Cell */,
				83023E7F25971EB9000F910F /* Category.storyboard */,
				83023E8225971ED7000F910F /* CategoryViewController.swift */,
			);
			path = Category;
			sourceTree = "<group>";
		};
		83023E8525971EE4000F910F /* Add */ = {
			isa = PBXGroup;
			children = (
				83AF23CB25978ACC00B64D49 /* AddListingCell */,
				83023E8625971EF2000F910F /* Add.storyboard */,
				83023E8925971F06000F910F /* AddListingViewController.swift */,
			);
			path = Add;
			sourceTree = "<group>";
		};
		83023E8C25971F24000F910F /* Services */ = {
			isa = PBXGroup;
			children = (
				83023E8D25971F30000F910F /* Services.storyboard */,
				83023E9025971F39000F910F /* ServicesViewController.swift */,
			);
			path = Services;
			sourceTree = "<group>";
		};
		83023E9325971F42000F910F /* Auctions */ = {
			isa = PBXGroup;
			children = (
				83023E9425971F56000F910F /* AuctionsViewController.swift */,
				83023E9825971F61000F910F /* Auctions.storyboard */,
			);
			path = Auctions;
			sourceTree = "<group>";
		};
		83023EA225972E26000F910F /* Cell */ = {
			isa = PBXGroup;
			children = (
				83023EAA259731C2000F910F /* SubCategoryCell */,
				83023EA9259731BC000F910F /* CategoryCell */,
			);
			path = Cell;
			sourceTree = "<group>";
		};
		83023EA9259731BC000F910F /* CategoryCell */ = {
			isa = PBXGroup;
			children = (
				83023EB325973418000F910F /* CategoryCollectionViewCell.swift */,
				83023EB425973418000F910F /* CategoryCollectionViewCell.xib */,
				83023EA4259731B5000F910F /* CategoryTableViewCell.swift */,
				83023EA5259731B5000F910F /* CategoryTableViewCell.xib */,
			);
			path = CategoryCell;
			sourceTree = "<group>";
		};
		83023EAA259731C2000F910F /* SubCategoryCell */ = {
			isa = PBXGroup;
			children = (
				83023EAB2597324F000F910F /* SubCategoryCell.swift */,
				83023EAC2597324F000F910F /* SubCategoryCell.xib */,
			);
			path = SubCategoryCell;
			sourceTree = "<group>";
		};
		834A9A36258F8FD600DEC86F /* MenuCell */ = {
			isa = PBXGroup;
			children = (
				834A9A37258F8FF600DEC86F /* MenuTableViewCell.swift */,
				834A9A38258F8FF600DEC86F /* MenuTableViewCell.xib */,
			);
			path = MenuCell;
			sourceTree = "<group>";
		};
		8351C5A5257FB8A80034FA65 /* Login */ = {
			isa = PBXGroup;
			children = (
				8351C5A7257FB90A0034FA65 /* Login.storyboard */,
				83812E3A257FBEE500D217AE /* LoginViewController.swift */,
			);
			path = Login;
			sourceTree = "<group>";
		};
		8351C5A6257FB8B60034FA65 /* Controllers */ = {
			isa = PBXGroup;
			children = (
				83023E9325971F42000F910F /* Auctions */,
				83023E8C25971F24000F910F /* Services */,
				83023E8525971EE4000F910F /* Add */,
				83023E7E25971E80000F910F /* Category */,
				83A9DC66258F6E3800B3DCAB /* Home */,
				83A9DC5E258F61D900B3DCAB /* TabBar */,
				83E89D8E258F43E000BB1C26 /* Menu */,
				8396FBB42587914900FD3C16 /* Profile */,
				83B476FE2584A938009DD837 /* Base */,
				83B476C425849F71009DD837 /* Register */,
				83E895FC257E558600D66424 /* StartPage */,
				8351C5A5257FB8A80034FA65 /* Login */,
			);
			path = Controllers;
			sourceTree = "<group>";
		};
		8396FBB42587914900FD3C16 /* Profile */ = {
			isa = PBXGroup;
			children = (
				83B779A82587AC8400018EBA /* cells */,
				8396FBB52587917300FD3C16 /* ProfileViewController.swift */,
				8396FBB92587918B00FD3C16 /* Profile.storyboard */,
			);
			path = Profile;
			sourceTree = "<group>";
		};
		839BEB2D257F86A800B24C76 /* UI */ = {
			isa = PBXGroup;
			children = (
				839BEB2E257F86AF00B24C76 /* CustomUI */,
			);
			path = UI;
			sourceTree = "<group>";
		};
		839BEB2E257F86AF00B24C76 /* CustomUI */ = {
			isa = PBXGroup;
			children = (
				839BEB30257F86F500B24C76 /* CustomButtom.swift */,
				83B476C82584A40A009DD837 /* CustomLabel.swift */,
				83B477062584BB5A009DD837 /* CustomTextField.swift */,
				839A2F93258621DC009BBFA1 /* CustomDropDownMenu.swift */,
				8396FB972587453E00FD3C16 /* LeftPadedTextField.swift */,
				83E89D89258F2E8B00BB1C26 /* CustomScrollView.swift */,
			);
			path = CustomUI;
			sourceTree = "<group>";
		};
		83A9DC5E258F61D900B3DCAB /* TabBar */ = {
			isa = PBXGroup;
			children = (
				83A9DC5F258F61FA00B3DCAB /* TabBarViewController.swift */,
				83A9DC63258F623100B3DCAB /* TabBar.storyboard */,
			);
			path = TabBar;
			sourceTree = "<group>";
		};
		83A9DC66258F6E3800B3DCAB /* Home */ = {
			isa = PBXGroup;
			children = (
				E4E7005C2591E68400B8C0E4 /* cells */,
				83A9DC67258F6E5500B3DCAB /* HomeViewController.swift */,
				83A9DC6B258F6E6400B3DCAB /* Home.storyboard */,
			);
			path = Home;
			sourceTree = "<group>";
		};
		83AF23CB25978ACC00B64D49 /* AddListingCell */ = {
			isa = PBXGroup;
			children = (
				83AF23CC25978AE500B64D49 /* AddListingTableViewCell.swift */,
				83AF23CD25978AE500B64D49 /* AddListingTableViewCell.xib */,
			);
			path = AddListingCell;
			sourceTree = "<group>";
		};
		83B476C425849F71009DD837 /* Register */ = {
			isa = PBXGroup;
			children = (
				83B476C525849FA3009DD837 /* Register.storyboard */,
				83B477032584AE70009DD837 /* RegisterEmailPassViewController.swift */,
				83B477092584DB27009DD837 /* RegisterAboutYourselfViewController.swift */,
				83B4770C2584FF6D009DD837 /* RegisterMailingInfoViewController.swift */,
				8396FBB1258786C400FD3C16 /* RegisterCheckEmailViewController.swift */,
			);
			path = Register;
			sourceTree = "<group>";
		};
		83B476FE2584A938009DD837 /* Base */ = {
			isa = PBXGroup;
			children = (
				83B476FF2584A953009DD837 /* BaseViewController.swift */,
			);
			path = Base;
			sourceTree = "<group>";
		};
		83B779A82587AC8400018EBA /* cells */ = {
			isa = PBXGroup;
			children = (
				83B779A92587ACC300018EBA /* MyAccountCell.swift */,
				83B779AA2587ACC300018EBA /* MyAccountCell.xib */,
				83B779AF2587ACE100018EBA /* SignInInfoCell.swift */,
				83B779B02587ACE100018EBA /* SignInInfoCell.xib */,
				83B779B42587ACFA00018EBA /* ManageAccount.swift */,
				83B779B52587ACFA00018EBA /* ManageAccount.xib */,
			);
			path = cells;
			sourceTree = "<group>";
		};
		83C2F595257F675E008FC305 /* Utility */ = {
			isa = PBXGroup;
			children = (
				83C2F596257F6774008FC305 /* Utility.swift */,
			);
			path = Utility;
			sourceTree = "<group>";
		};
		83E895D5257E4A6100D66424 = {
			isa = PBXGroup;
			children = (
				83E895E0257E4A6100D66424 /* ClearAsset */,
				83E895DF257E4A6100D66424 /* Products */,
				C8F5CA6003B2594DA32017C6 /* Pods */,
				6A4F2A19D9E13639C957C09D /* Frameworks */,
			);
			sourceTree = "<group>";
		};
		83E895DF257E4A6100D66424 /* Products */ = {
			isa = PBXGroup;
			children = (
				83E895DE257E4A6100D66424 /* ClearAsset.app */,
			);
			name = Products;
			sourceTree = "<group>";
		};
		83E895E0257E4A6100D66424 /* ClearAsset */ = {
			isa = PBXGroup;
			children = (
				83C2F595257F675E008FC305 /* Utility */,
				83E8962B257E6D8300D66424 /* Extensions */,
				83E89601257E613200D66424 /* Assets */,
				839BEB2D257F86A800B24C76 /* UI */,
				8351C5A6257FB8B60034FA65 /* Controllers */,
				83E895E1257E4A6100D66424 /* AppDelegate.swift */,
				83E895E3257E4A6100D66424 /* SceneDelegate.swift */,
				83E895E5257E4A6100D66424 /* ViewController.swift */,
				83E895E7257E4A6200D66424 /* Main.storyboard */,
				83E895EC257E4A6200D66424 /* LaunchScreen.storyboard */,
				83E895EF257E4A6200D66424 /* Info.plist */,
			);
			path = ClearAsset;
			sourceTree = "<group>";
		};
		83E895FC257E558600D66424 /* StartPage */ = {
			isa = PBXGroup;
			children = (
				83E895F9257E543300D66424 /* Start.storyboard */,
				83E89626257E671C00D66424 /* StartViewController.swift */,
			);
			path = StartPage;
			sourceTree = "<group>";
		};
		83E89601257E613200D66424 /* Assets */ = {
			isa = PBXGroup;
			children = (
				83E895EA257E4A6200D66424 /* Assets.xcassets */,
				838EA8EA2590B60800E97933 /* Localizable.strings */,
				83E89602257E614800D66424 /* Custom-Fonts */,
			);
			path = Assets;
			sourceTree = "<group>";
		};
		83E89602257E614800D66424 /* Custom-Fonts */ = {
			isa = PBXGroup;
			children = (
				83E89608257E61C200D66424 /* Nunito */,
				83E89603257E615200D66424 /* Repubiko */,
			);
			path = "Custom-Fonts";
			sourceTree = "<group>";
		};
		83E89603257E615200D66424 /* Repubiko */ = {
			isa = PBXGroup;
			children = (
				83E89604257E61A800D66424 /* Republiko_PersonalUse.otf */,
			);
			path = Repubiko;
			sourceTree = "<group>";
		};
		83E89608257E61C200D66424 /* Nunito */ = {
			isa = PBXGroup;
			children = (
				83E8960F257E61E700D66424 /* Nunito-Black.ttf */,
				83E89615257E61E700D66424 /* Nunito-BlackItalic.ttf */,
				83E8960D257E61E700D66424 /* Nunito-Bold.ttf */,
				83E89609257E61E700D66424 /* Nunito-BoldItalic.ttf */,
				83E8960E257E61E700D66424 /* Nunito-ExtraBold.ttf */,
				83E89611257E61E700D66424 /* Nunito-ExtraBoldItalic.ttf */,
				83E89612257E61E700D66424 /* Nunito-ExtraLight.ttf */,
				83E89613257E61E700D66424 /* Nunito-ExtraLightItalic.ttf */,
				83E89616257E61E700D66424 /* Nunito-Italic.ttf */,
				83E89614257E61E700D66424 /* Nunito-Light.ttf */,
				83E89610257E61E700D66424 /* Nunito-LightItalic.ttf */,
				83E8960C257E61E700D66424 /* Nunito-Regular.ttf */,
				83E8960A257E61E700D66424 /* Nunito-SemiBold.ttf */,
				83E8960B257E61E700D66424 /* Nunito-SemiBoldItalic.ttf */,
			);
			path = Nunito;
			sourceTree = "<group>";
		};
		83E8962B257E6D8300D66424 /* Extensions */ = {
			isa = PBXGroup;
			children = (
				83E8962C257E6D9200D66424 /* UIView.swift */,
				839BEB33257F8FC300B24C76 /* UIColor.swift */,
				839BCA3D25820643008F3DAE /* UIViewController.swift */,
				8396FB9A258749C400FD3C16 /* UITextField.swift */,
				838EA8E52590B5DE00E97933 /* String.swift */,
			);
			path = Extensions;
			sourceTree = "<group>";
		};
		83E89D8E258F43E000BB1C26 /* Menu */ = {
			isa = PBXGroup;
			children = (
				834A9A36258F8FD600DEC86F /* MenuCell */,
				83E89D8F258F43EB00BB1C26 /* Menu.storyboard */,
				83E89D99258F4CB800BB1C26 /* MenuViewController.swift */,
			);
			path = Menu;
			sourceTree = "<group>";
		};
		C8F5CA6003B2594DA32017C6 /* Pods */ = {
			isa = PBXGroup;
			children = (
				EBA0B017A6D009BF4F1B5B00 /* Pods-ClearAsset.debug.xcconfig */,
				2ED65B334B3AE0D1784B588E /* Pods-ClearAsset.release.xcconfig */,
			);
			path = Pods;
			sourceTree = "<group>";
		};
		E4E7005C2591E68400B8C0E4 /* cells */ = {
			isa = PBXGroup;
			children = (
				E4E700652591EA5D00B8C0E4 /* bottomCell */,
				E4E700642591EA5200B8C0E4 /* middleCell */,
				E4E7005D2591E69400B8C0E4 /* topCell */,
			);
			path = cells;
			sourceTree = "<group>";
		};
		E4E7005D2591E69400B8C0E4 /* topCell */ = {
			isa = PBXGroup;
			children = (
				E4E7005E2591E6CE00B8C0E4 /* TopViewCell.swift */,
				E4E7005F2591E6CE00B8C0E4 /* TopViewCell.xib */,
			);
			path = topCell;
			sourceTree = "<group>";
		};
		E4E700642591EA5200B8C0E4 /* middleCell */ = {
			isa = PBXGroup;
			children = (
				E4E70067259205B400B8C0E4 /* MiddleCollectionViewCell.swift */,
				E4E70068259205B400B8C0E4 /* MiddleCollectionViewCell.xib */,
				E4E7006C25920EA600B8C0E4 /* MiddleTableViewCell.swift */,
				E4E7006D25920EA600B8C0E4 /* MiddleTableViewCell.xib */,
			);
			path = middleCell;
			sourceTree = "<group>";
		};
		E4E700652591EA5D00B8C0E4 /* bottomCell */ = {
			isa = PBXGroup;
			children = (
				E40EAE8625921BEB00E9AD35 /* BottomTableViewCell.swift */,
				E40EAE8725921BEB00E9AD35 /* BottomTableViewCell.xib */,
				E40EAE8B25921BFF00E9AD35 /* BottomCollectionViewCell.swift */,
				E40EAE8C25921BFF00E9AD35 /* BottomCollectionViewCell.xib */,
			);
			path = bottomCell;
			sourceTree = "<group>";
		};
/* End PBXGroup section */

/* Begin PBXNativeTarget section */
		83E895DD257E4A6100D66424 /* ClearAsset */ = {
			isa = PBXNativeTarget;
			buildConfigurationList = 83E895F2257E4A6200D66424 /* Build configuration list for PBXNativeTarget "ClearAsset" */;
			buildPhases = (
				91401E3C96872F230AB96A1D /* [CP] Check Pods Manifest.lock */,
				83E895DA257E4A6100D66424 /* Sources */,
				83E895DB257E4A6100D66424 /* Frameworks */,
				83E895DC257E4A6100D66424 /* Resources */,
				4BD9750B2863035C4340D6D0 /* [CP] Embed Pods Frameworks */,
			);
			buildRules = (
			);
			dependencies = (
			);
			name = ClearAsset;
			productName = ClearAsset;
			productReference = 83E895DE257E4A6100D66424 /* ClearAsset.app */;
			productType = "com.apple.product-type.application";
		};
/* End PBXNativeTarget section */

/* Begin PBXProject section */
		83E895D6257E4A6100D66424 /* Project object */ = {
			isa = PBXProject;
			attributes = {
				LastSwiftUpdateCheck = 1220;
				LastUpgradeCheck = 1220;
				TargetAttributes = {
					83E895DD257E4A6100D66424 = {
						CreatedOnToolsVersion = 12.2;
					};
				};
			};
			buildConfigurationList = 83E895D9257E4A6100D66424 /* Build configuration list for PBXProject "ClearAsset" */;
			compatibilityVersion = "Xcode 9.3";
			developmentRegion = en;
			hasScannedForEncodings = 0;
			knownRegions = (
				en,
				Base,
			);
			mainGroup = 83E895D5257E4A6100D66424;
			productRefGroup = 83E895DF257E4A6100D66424 /* Products */;
			projectDirPath = "";
			projectRoot = "";
			targets = (
				83E895DD257E4A6100D66424 /* ClearAsset */,
			);
		};
/* End PBXProject section */

/* Begin PBXResourcesBuildPhase section */
		83E895DC257E4A6100D66424 /* Resources */ = {
			isa = PBXResourcesBuildPhase;
			buildActionMask = 2147483647;
			files = (
				83E89621257E61E700D66424 /* Nunito-ExtraLightItalic.ttf in Resources */,
				83B779AC2587ACC300018EBA /* MyAccountCell.xib in Resources */,
				83023E8725971EF2000F910F /* Add.storyboard in Resources */,
				83023EAE2597324F000F910F /* SubCategoryCell.xib in Resources */,
				83E89624257E61E700D66424 /* Nunito-Italic.ttf in Resources */,
				E4E7006A259205B500B8C0E4 /* MiddleCollectionViewCell.xib in Resources */,
				83B476C625849FA3009DD837 /* Register.storyboard in Resources */,
				E4E700612591E6CE00B8C0E4 /* TopViewCell.xib in Resources */,
				83E8961A257E61E700D66424 /* Nunito-Regular.ttf in Resources */,
				83E89622257E61E700D66424 /* Nunito-Light.ttf in Resources */,
				83E89618257E61E700D66424 /* Nunito-SemiBold.ttf in Resources */,
				83A9DC6C258F6E6400B3DCAB /* Home.storyboard in Resources */,
				83023EA7259731B5000F910F /* CategoryTableViewCell.xib in Resources */,
				83E895EE257E4A6200D66424 /* LaunchScreen.storyboard in Resources */,
				83E8961C257E61E700D66424 /* Nunito-ExtraBold.ttf in Resources */,
				83E8961E257E61E700D66424 /* Nunito-LightItalic.ttf in Resources */,
				83A9DC64258F623100B3DCAB /* TabBar.storyboard in Resources */,
				E40EAE8925921BEB00E9AD35 /* BottomTableViewCell.xib in Resources */,
				8351C5A8257FB90A0034FA65 /* Login.storyboard in Resources */,
				83E89605257E61A800D66424 /* Republiko_PersonalUse.otf in Resources */,
				83E89623257E61E700D66424 /* Nunito-BlackItalic.ttf in Resources */,
				8396FBBA2587918B00FD3C16 /* Profile.storyboard in Resources */,
				83E89619257E61E700D66424 /* Nunito-SemiBoldItalic.ttf in Resources */,
				83E89D90258F43EB00BB1C26 /* Menu.storyboard in Resources */,
				83B779B72587ACFA00018EBA /* ManageAccount.xib in Resources */,
				83E89620257E61E700D66424 /* Nunito-ExtraLight.ttf in Resources */,
				83E89617257E61E700D66424 /* Nunito-BoldItalic.ttf in Resources */,
				83023E8025971EB9000F910F /* Category.storyboard in Resources */,
				83E8961B257E61E700D66424 /* Nunito-Bold.ttf in Resources */,
				83E895EB257E4A6200D66424 /* Assets.xcassets in Resources */,
				83E8961D257E61E700D66424 /* Nunito-Black.ttf in Resources */,
				83AF23CF25978AE500B64D49 /* AddListingTableViewCell.xib in Resources */,
				E4E7006F25920EA600B8C0E4 /* MiddleTableViewCell.xib in Resources */,
				83E8961F257E61E700D66424 /* Nunito-ExtraBoldItalic.ttf in Resources */,
				838EA8E82590B60800E97933 /* Localizable.strings in Resources */,
				834A9A3A258F8FF600DEC86F /* MenuTableViewCell.xib in Resources */,
				83E895FA257E543300D66424 /* Start.storyboard in Resources */,
				83023EB625973418000F910F /* CategoryCollectionViewCell.xib in Resources */,
				83023E8E25971F30000F910F /* Services.storyboard in Resources */,
				E40EAE8E25921BFF00E9AD35 /* BottomCollectionViewCell.xib in Resources */,
				83023E9925971F61000F910F /* Auctions.storyboard in Resources */,
				83E895E9257E4A6200D66424 /* Main.storyboard in Resources */,
				83B779B22587ACE100018EBA /* SignInInfoCell.xib in Resources */,
			);
			runOnlyForDeploymentPostprocessing = 0;
		};
/* End PBXResourcesBuildPhase section */

/* Begin PBXShellScriptBuildPhase section */
		4BD9750B2863035C4340D6D0 /* [CP] Embed Pods Frameworks */ = {
			isa = PBXShellScriptBuildPhase;
			buildActionMask = 2147483647;
			files = (
			);
			inputFileListPaths = (
				"${PODS_ROOT}/Target Support Files/Pods-ClearAsset/Pods-ClearAsset-frameworks-${CONFIGURATION}-input-files.xcfilelist",
			);
			name = "[CP] Embed Pods Frameworks";
			outputFileListPaths = (
				"${PODS_ROOT}/Target Support Files/Pods-ClearAsset/Pods-ClearAsset-frameworks-${CONFIGURATION}-output-files.xcfilelist",
			);
			runOnlyForDeploymentPostprocessing = 0;
			shellPath = /bin/sh;
			shellScript = "\"${PODS_ROOT}/Target Support Files/Pods-ClearAsset/Pods-ClearAsset-frameworks.sh\"\n";
			showEnvVarsInLog = 0;
		};
		91401E3C96872F230AB96A1D /* [CP] Check Pods Manifest.lock */ = {
			isa = PBXShellScriptBuildPhase;
			buildActionMask = 2147483647;
			files = (
			);
			inputFileListPaths = (
			);
			inputPaths = (
				"${PODS_PODFILE_DIR_PATH}/Podfile.lock",
				"${PODS_ROOT}/Manifest.lock",
			);
			name = "[CP] Check Pods Manifest.lock";
			outputFileListPaths = (
			);
			outputPaths = (
				"$(DERIVED_FILE_DIR)/Pods-ClearAsset-checkManifestLockResult.txt",
			);
			runOnlyForDeploymentPostprocessing = 0;
			shellPath = /bin/sh;
			shellScript = "diff \"${PODS_PODFILE_DIR_PATH}/Podfile.lock\" \"${PODS_ROOT}/Manifest.lock\" > /dev/null\nif [ $? != 0 ] ; then\n    # print error to STDERR\n    echo \"error: The sandbox is not in sync with the Podfile.lock. Run 'pod install' or update your CocoaPods installation.\" >&2\n    exit 1\nfi\n# This output is used by Xcode 'outputs' to avoid re-running this script phase.\necho \"SUCCESS\" > \"${SCRIPT_OUTPUT_FILE_0}\"\n";
			showEnvVarsInLog = 0;
		};
/* End PBXShellScriptBuildPhase section */

/* Begin PBXSourcesBuildPhase section */
		83E895DA257E4A6100D66424 /* Sources */ = {
			isa = PBXSourcesBuildPhase;
			buildActionMask = 2147483647;
			files = (
				83B477072584BB5A009DD837 /* CustomTextField.swift in Sources */,
				E40EAE8D25921BFF00E9AD35 /* BottomCollectionViewCell.swift in Sources */,
				83023E9125971F39000F910F /* ServicesViewController.swift in Sources */,
				83812E3B257FBEE500D217AE /* LoginViewController.swift in Sources */,
				83023E9525971F56000F910F /* AuctionsViewController.swift in Sources */,
				83E8962D257E6D9200D66424 /* UIView.swift in Sources */,
				83B4770D2584FF6D009DD837 /* RegisterMailingInfoViewController.swift in Sources */,
				E40EAE8825921BEB00E9AD35 /* BottomTableViewCell.swift in Sources */,
				83A9DC60258F61FA00B3DCAB /* TabBarViewController.swift in Sources */,
				83B476C92584A40A009DD837 /* CustomLabel.swift in Sources */,
				83E895E6257E4A6100D66424 /* ViewController.swift in Sources */,
				E4E700602591E6CE00B8C0E4 /* TopViewCell.swift in Sources */,
				83C2F597257F6774008FC305 /* Utility.swift in Sources */,
				83B477002584A953009DD837 /* BaseViewController.swift in Sources */,
				839BCA3E25820643008F3DAE /* UIViewController.swift in Sources */,
				83023EA6259731B5000F910F /* CategoryTableViewCell.swift in Sources */,
				834A9A39258F8FF600DEC86F /* MenuTableViewCell.swift in Sources */,
				83023EAD2597324F000F910F /* SubCategoryCell.swift in Sources */,
				83B477042584AE70009DD837 /* RegisterEmailPassViewController.swift in Sources */,
				838EA8E62590B5DE00E97933 /* String.swift in Sources */,
				83023E8325971ED7000F910F /* CategoryViewController.swift in Sources */,
				8396FB9B258749C400FD3C16 /* UITextField.swift in Sources */,
				E4E70069259205B500B8C0E4 /* MiddleCollectionViewCell.swift in Sources */,
				83023E8A25971F06000F910F /* AddListingViewController.swift in Sources */,
				83E89627257E671C00D66424 /* StartViewController.swift in Sources */,
				839A2F94258621DC009BBFA1 /* CustomDropDownMenu.swift in Sources */,
				83B779AB2587ACC300018EBA /* MyAccountCell.swift in Sources */,
				83E895E2257E4A6100D66424 /* AppDelegate.swift in Sources */,
				83B4770A2584DB27009DD837 /* RegisterAboutYourselfViewController.swift in Sources */,
				8396FBB2258786C400FD3C16 /* RegisterCheckEmailViewController.swift in Sources */,
				839BEB34257F8FC300B24C76 /* UIColor.swift in Sources */,
				83A9DC68258F6E5500B3DCAB /* HomeViewController.swift in Sources */,
				83AF23CE25978AE500B64D49 /* AddListingTableViewCell.swift in Sources */,
				E4E7006E25920EA600B8C0E4 /* MiddleTableViewCell.swift in Sources */,
				83E89D9A258F4CB800BB1C26 /* MenuViewController.swift in Sources */,
				8396FB982587453E00FD3C16 /* LeftPadedTextField.swift in Sources */,
				83E89D8A258F2E8B00BB1C26 /* CustomScrollView.swift in Sources */,
				83B779B12587ACE100018EBA /* SignInInfoCell.swift in Sources */,
				83B779B62587ACFA00018EBA /* ManageAccount.swift in Sources */,
				8396FBB62587917300FD3C16 /* ProfileViewController.swift in Sources */,
				83E895E4257E4A6100D66424 /* SceneDelegate.swift in Sources */,
				83023EB525973418000F910F /* CategoryCollectionViewCell.swift in Sources */,
				839BEB31257F86F500B24C76 /* CustomButtom.swift in Sources */,
			);
			runOnlyForDeploymentPostprocessing = 0;
		};
/* End PBXSourcesBuildPhase section */

/* Begin PBXVariantGroup section */
		838EA8EA2590B60800E97933 /* Localizable.strings */ = {
			isa = PBXVariantGroup;
			children = (
				838EA8E92590B60800E97933 /* en */,
			);
			name = Localizable.strings;
			sourceTree = "<group>";
		};
		83E895E7257E4A6200D66424 /* Main.storyboard */ = {
			isa = PBXVariantGroup;
			children = (
				83E895E8257E4A6200D66424 /* Base */,
			);
			name = Main.storyboard;
			sourceTree = "<group>";
		};
		83E895EC257E4A6200D66424 /* LaunchScreen.storyboard */ = {
			isa = PBXVariantGroup;
			children = (
				83E895ED257E4A6200D66424 /* Base */,
			);
			name = LaunchScreen.storyboard;
			sourceTree = "<group>";
		};
/* End PBXVariantGroup section */

/* Begin XCBuildConfiguration section */
		83E895F0257E4A6200D66424 /* Debug */ = {
			isa = XCBuildConfiguration;
			buildSettings = {
				ALWAYS_SEARCH_USER_PATHS = NO;
				CLANG_ANALYZER_NONNULL = YES;
				CLANG_ANALYZER_NUMBER_OBJECT_CONVERSION = YES_AGGRESSIVE;
				CLANG_CXX_LANGUAGE_STANDARD = "gnu++14";
				CLANG_CXX_LIBRARY = "libc++";
				CLANG_ENABLE_MODULES = YES;
				CLANG_ENABLE_OBJC_ARC = YES;
				CLANG_ENABLE_OBJC_WEAK = YES;
				CLANG_WARN_BLOCK_CAPTURE_AUTORELEASING = YES;
				CLANG_WARN_BOOL_CONVERSION = YES;
				CLANG_WARN_COMMA = YES;
				CLANG_WARN_CONSTANT_CONVERSION = YES;
				CLANG_WARN_DEPRECATED_OBJC_IMPLEMENTATIONS = YES;
				CLANG_WARN_DIRECT_OBJC_ISA_USAGE = YES_ERROR;
				CLANG_WARN_DOCUMENTATION_COMMENTS = YES;
				CLANG_WARN_EMPTY_BODY = YES;
				CLANG_WARN_ENUM_CONVERSION = YES;
				CLANG_WARN_INFINITE_RECURSION = YES;
				CLANG_WARN_INT_CONVERSION = YES;
				CLANG_WARN_NON_LITERAL_NULL_CONVERSION = YES;
				CLANG_WARN_OBJC_IMPLICIT_RETAIN_SELF = YES;
				CLANG_WARN_OBJC_LITERAL_CONVERSION = YES;
				CLANG_WARN_OBJC_ROOT_CLASS = YES_ERROR;
				CLANG_WARN_QUOTED_INCLUDE_IN_FRAMEWORK_HEADER = YES;
				CLANG_WARN_RANGE_LOOP_ANALYSIS = YES;
				CLANG_WARN_STRICT_PROTOTYPES = YES;
				CLANG_WARN_SUSPICIOUS_MOVE = YES;
				CLANG_WARN_UNGUARDED_AVAILABILITY = YES_AGGRESSIVE;
				CLANG_WARN_UNREACHABLE_CODE = YES;
				CLANG_WARN__DUPLICATE_METHOD_MATCH = YES;
				COPY_PHASE_STRIP = NO;
				DEBUG_INFORMATION_FORMAT = dwarf;
				ENABLE_STRICT_OBJC_MSGSEND = YES;
				ENABLE_TESTABILITY = YES;
				GCC_C_LANGUAGE_STANDARD = gnu11;
				GCC_DYNAMIC_NO_PIC = NO;
				GCC_NO_COMMON_BLOCKS = YES;
				GCC_OPTIMIZATION_LEVEL = 0;
				GCC_PREPROCESSOR_DEFINITIONS = (
					"DEBUG=1",
					"$(inherited)",
				);
				GCC_WARN_64_TO_32_BIT_CONVERSION = YES;
				GCC_WARN_ABOUT_RETURN_TYPE = YES_ERROR;
				GCC_WARN_UNDECLARED_SELECTOR = YES;
				GCC_WARN_UNINITIALIZED_AUTOS = YES_AGGRESSIVE;
				GCC_WARN_UNUSED_FUNCTION = YES;
				GCC_WARN_UNUSED_VARIABLE = YES;
				IPHONEOS_DEPLOYMENT_TARGET = 14.2;
				MTL_ENABLE_DEBUG_INFO = INCLUDE_SOURCE;
				MTL_FAST_MATH = YES;
				ONLY_ACTIVE_ARCH = YES;
				SDKROOT = iphoneos;
				SWIFT_ACTIVE_COMPILATION_CONDITIONS = DEBUG;
				SWIFT_OPTIMIZATION_LEVEL = "-Onone";
			};
			name = Debug;
		};
		83E895F1257E4A6200D66424 /* Release */ = {
			isa = XCBuildConfiguration;
			buildSettings = {
				ALWAYS_SEARCH_USER_PATHS = NO;
				CLANG_ANALYZER_NONNULL = YES;
				CLANG_ANALYZER_NUMBER_OBJECT_CONVERSION = YES_AGGRESSIVE;
				CLANG_CXX_LANGUAGE_STANDARD = "gnu++14";
				CLANG_CXX_LIBRARY = "libc++";
				CLANG_ENABLE_MODULES = YES;
				CLANG_ENABLE_OBJC_ARC = YES;
				CLANG_ENABLE_OBJC_WEAK = YES;
				CLANG_WARN_BLOCK_CAPTURE_AUTORELEASING = YES;
				CLANG_WARN_BOOL_CONVERSION = YES;
				CLANG_WARN_COMMA = YES;
				CLANG_WARN_CONSTANT_CONVERSION = YES;
				CLANG_WARN_DEPRECATED_OBJC_IMPLEMENTATIONS = YES;
				CLANG_WARN_DIRECT_OBJC_ISA_USAGE = YES_ERROR;
				CLANG_WARN_DOCUMENTATION_COMMENTS = YES;
				CLANG_WARN_EMPTY_BODY = YES;
				CLANG_WARN_ENUM_CONVERSION = YES;
				CLANG_WARN_INFINITE_RECURSION = YES;
				CLANG_WARN_INT_CONVERSION = YES;
				CLANG_WARN_NON_LITERAL_NULL_CONVERSION = YES;
				CLANG_WARN_OBJC_IMPLICIT_RETAIN_SELF = YES;
				CLANG_WARN_OBJC_LITERAL_CONVERSION = YES;
				CLANG_WARN_OBJC_ROOT_CLASS = YES_ERROR;
				CLANG_WARN_QUOTED_INCLUDE_IN_FRAMEWORK_HEADER = YES;
				CLANG_WARN_RANGE_LOOP_ANALYSIS = YES;
				CLANG_WARN_STRICT_PROTOTYPES = YES;
				CLANG_WARN_SUSPICIOUS_MOVE = YES;
				CLANG_WARN_UNGUARDED_AVAILABILITY = YES_AGGRESSIVE;
				CLANG_WARN_UNREACHABLE_CODE = YES;
				CLANG_WARN__DUPLICATE_METHOD_MATCH = YES;
				COPY_PHASE_STRIP = NO;
				DEBUG_INFORMATION_FORMAT = "dwarf-with-dsym";
				ENABLE_NS_ASSERTIONS = NO;
				ENABLE_STRICT_OBJC_MSGSEND = YES;
				GCC_C_LANGUAGE_STANDARD = gnu11;
				GCC_NO_COMMON_BLOCKS = YES;
				GCC_WARN_64_TO_32_BIT_CONVERSION = YES;
				GCC_WARN_ABOUT_RETURN_TYPE = YES_ERROR;
				GCC_WARN_UNDECLARED_SELECTOR = YES;
				GCC_WARN_UNINITIALIZED_AUTOS = YES_AGGRESSIVE;
				GCC_WARN_UNUSED_FUNCTION = YES;
				GCC_WARN_UNUSED_VARIABLE = YES;
				IPHONEOS_DEPLOYMENT_TARGET = 14.2;
				MTL_ENABLE_DEBUG_INFO = NO;
				MTL_FAST_MATH = YES;
				SDKROOT = iphoneos;
				SWIFT_COMPILATION_MODE = wholemodule;
				SWIFT_OPTIMIZATION_LEVEL = "-O";
				VALIDATE_PRODUCT = YES;
			};
			name = Release;
		};
		83E895F3257E4A6200D66424 /* Debug */ = {
			isa = XCBuildConfiguration;
			baseConfigurationReference = EBA0B017A6D009BF4F1B5B00 /* Pods-ClearAsset.debug.xcconfig */;
			buildSettings = {
				ASSETCATALOG_COMPILER_APPICON_NAME = AppIcon;
				ASSETCATALOG_COMPILER_GLOBAL_ACCENT_COLOR_NAME = AccentColor;
				CODE_SIGN_STYLE = Automatic;
				DEVELOPMENT_TEAM = 282TY8Z664;
				INFOPLIST_FILE = ClearAsset/Info.plist;
				IPHONEOS_DEPLOYMENT_TARGET = 13.0;
				LD_RUNPATH_SEARCH_PATHS = (
					"$(inherited)",
					"@executable_path/Frameworks",
				);
				PRODUCT_BUNDLE_IDENTIFIER = Peyk.ClearAsset;
				PRODUCT_NAME = "$(TARGET_NAME)";
				SWIFT_VERSION = 5.0;
				TARGETED_DEVICE_FAMILY = 1;
			};
			name = Debug;
		};
		83E895F4257E4A6200D66424 /* Release */ = {
			isa = XCBuildConfiguration;
			baseConfigurationReference = 2ED65B334B3AE0D1784B588E /* Pods-ClearAsset.release.xcconfig */;
			buildSettings = {
				ASSETCATALOG_COMPILER_APPICON_NAME = AppIcon;
				ASSETCATALOG_COMPILER_GLOBAL_ACCENT_COLOR_NAME = AccentColor;
				CODE_SIGN_STYLE = Automatic;
				DEVELOPMENT_TEAM = 282TY8Z664;
				INFOPLIST_FILE = ClearAsset/Info.plist;
				IPHONEOS_DEPLOYMENT_TARGET = 13.0;
				LD_RUNPATH_SEARCH_PATHS = (
					"$(inherited)",
					"@executable_path/Frameworks",
				);
				PRODUCT_BUNDLE_IDENTIFIER = Peyk.ClearAsset;
				PRODUCT_NAME = "$(TARGET_NAME)";
				SWIFT_VERSION = 5.0;
				TARGETED_DEVICE_FAMILY = 1;
			};
			name = Release;
		};
/* End XCBuildConfiguration section */

/* Begin XCConfigurationList section */
		83E895D9257E4A6100D66424 /* Build configuration list for PBXProject "ClearAsset" */ = {
			isa = XCConfigurationList;
			buildConfigurations = (
				83E895F0257E4A6200D66424 /* Debug */,
				83E895F1257E4A6200D66424 /* Release */,
			);
			defaultConfigurationIsVisible = 0;
			defaultConfigurationName = Release;
		};
		83E895F2257E4A6200D66424 /* Build configuration list for PBXNativeTarget "ClearAsset" */ = {
			isa = XCConfigurationList;
			buildConfigurations = (
				83E895F3257E4A6200D66424 /* Debug */,
				83E895F4257E4A6200D66424 /* Release */,
			);
			defaultConfigurationIsVisible = 0;
			defaultConfigurationName = Release;
		};
/* End XCConfigurationList section */
	};
	rootObject = 83E895D6257E4A6100D66424 /* Project object */;
}
